
Microsoft Visual Studio Solution File, Format Version 12.00
# Visual Studio 15
VisualStudioVersion = 15.0.26430.12
MinimumVisualStudioVersion = 10.0.40219.1
Project("{FAE04EC0-301F-11D3-BF4B-00C04F79EFBC}") = "MvcDashboard", "MvcDashboard\MvcDashboard.csproj", "{15729BD8-B380-4FD4-ABAD-DD33B2BDE429}"
	ProjectSection(ProjectDependencies) = postProject
		{49042D3A-B6F2-4B00-A9D0-DCDD59F6FC69} = {49042D3A-B6F2-4B00-A9D0-DCDD59F6FC69}
		{DBA12A7E-9E2E-45E5-8A64-813B383AC481} = {DBA12A7E-9E2E-45E5-8A64-813B383AC481}
	EndProjectSection
EndProject
Project("{FAE04EC0-301F-11D3-BF4B-00C04F79EFBC}") = "MvcDashboard.Contracts", "MvcDashboard.Contracts\MvcDashboard.Contracts.csproj", "{B30E9B8C-FBB3-4333-849B-BAB702EDB4C5}"
EndProject
Project("{FAE04EC0-301F-11D3-BF4B-00C04F79EFBC}") = "EnterHolidayWidget", "EnterHolidayWidget\EnterHolidayWidget.csproj", "{49042D3A-B6F2-4B00-A9D0-DCDD59F6FC69}"
EndProject
Project("{2150E333-8FDC-42A3-9474-1A3956D46DE8}") = "Widgets", "Widgets", "{A776E9E0-8523-4C18-A09B-67A9F4B4AC37}"
EndProject
Project("{2150E333-8FDC-42A3-9474-1A3956D46DE8}") = "Absence", "Absence", "{54BD7399-9006-49B0-894A-52649B85768E}"
EndProject
Project("{00D1A9C2-B5F0-4AF3-8072-F6C62B433612}") = "Absence.Database", "Absence.Database\Absence.Database.sqlproj", "{E44E021C-7EEF-4247-956C-58A5602792E7}"
EndProject
Project("{FAE04EC0-301F-11D3-BF4B-00C04F79EFBC}") = "Absence.API", "Absence.API\Absence.API.csproj", "{6C3D57D8-55D0-4AB8-B75F-B71CA12CDAF5}"
EndProject
Project("{FAE04EC0-301F-11D3-BF4B-00C04F79EFBC}") = "ViewAbsenceWidget", "ViewAbsenceWidget\ViewAbsenceWidget.csproj", "{DBA12A7E-9E2E-45E5-8A64-813B383AC481}"
EndProject
Global
	GlobalSection(SolutionConfigurationPlatforms) = preSolution
		Debug|Any CPU = Debug|Any CPU
		Release|Any CPU = Release|Any CPU
	EndGlobalSection
	GlobalSection(ProjectConfigurationPlatforms) = postSolution
		{15729BD8-B380-4FD4-ABAD-DD33B2BDE429}.Debug|Any CPU.ActiveCfg = Debug|Any CPU
		{15729BD8-B380-4FD4-ABAD-DD33B2BDE429}.Debug|Any CPU.Build.0 = Debug|Any CPU
		{15729BD8-B380-4FD4-ABAD-DD33B2BDE429}.Release|Any CPU.ActiveCfg = Release|Any CPU
		{15729BD8-B380-4FD4-ABAD-DD33B2BDE429}.Release|Any CPU.Build.0 = Release|Any CPU
		{B30E9B8C-FBB3-4333-849B-BAB702EDB4C5}.Debug|Any CPU.ActiveCfg = Debug|Any CPU
		{B30E9B8C-FBB3-4333-849B-BAB702EDB4C5}.Debug|Any CPU.Build.0 = Debug|Any CPU
		{B30E9B8C-FBB3-4333-849B-BAB702EDB4C5}.Release|Any CPU.ActiveCfg = Release|Any CPU
		{B30E9B8C-FBB3-4333-849B-BAB702EDB4C5}.Release|Any CPU.Build.0 = Release|Any CPU
		{49042D3A-B6F2-4B00-A9D0-DCDD59F6FC69}.Debug|Any CPU.ActiveCfg = Debug|Any CPU
		{49042D3A-B6F2-4B00-A9D0-DCDD59F6FC69}.Debug|Any CPU.Build.0 = Debug|Any CPU
		{49042D3A-B6F2-4B00-A9D0-DCDD59F6FC69}.Release|Any CPU.ActiveCfg = Release|Any CPU
		{49042D3A-B6F2-4B00-A9D0-DCDD59F6FC69}.Release|Any CPU.Build.0 = Release|Any CPU
		{E44E021C-7EEF-4247-956C-58A5602792E7}.Debug|Any CPU.ActiveCfg = Debug|Any CPU
		{E44E021C-7EEF-4247-956C-58A5602792E7}.Debug|Any CPU.Build.0 = Debug|Any CPU
		{E44E021C-7EEF-4247-956C-58A5602792E7}.Debug|Any CPU.Deploy.0 = Debug|Any CPU
		{E44E021C-7EEF-4247-956C-58A5602792E7}.Release|Any CPU.ActiveCfg = Release|Any CPU
		{E44E021C-7EEF-4247-956C-58A5602792E7}.Release|Any CPU.Build.0 = Release|Any CPU
		{E44E021C-7EEF-4247-956C-58A5602792E7}.Release|Any CPU.Deploy.0 = Release|Any CPU
		{6C3D57D8-55D0-4AB8-B75F-B71CA12CDAF5}.Debug|Any CPU.ActiveCfg = Debug|Any CPU
		{6C3D57D8-55D0-4AB8-B75F-B71CA12CDAF5}.Debug|Any CPU.Build.0 = Debug|Any CPU
		{6C3D57D8-55D0-4AB8-B75F-B71CA12CDAF5}.Release|Any CPU.ActiveCfg = Release|Any CPU
		{6C3D57D8-55D0-4AB8-B75F-B71CA12CDAF5}.Release|Any CPU.Build.0 = Release|Any CPU
		{DBA12A7E-9E2E-45E5-8A64-813B383AC481}.Debug|Any CPU.ActiveCfg = Debug|Any CPU
		{DBA12A7E-9E2E-45E5-8A64-813B383AC481}.Debug|Any CPU.Build.0 = Debug|Any CPU
		{DBA12A7E-9E2E-45E5-8A64-813B383AC481}.Release|Any CPU.ActiveCfg = Release|Any CPU
		{DBA12A7E-9E2E-45E5-8A64-813B383AC481}.Release|Any CPU.Build.0 = Release|Any CPU
	EndGlobalSection
	GlobalSection(SolutionProperties) = preSolution
		HideSolutionNode = FALSE
	EndGlobalSection
	GlobalSection(NestedProjects) = preSolution
		{49042D3A-B6F2-4B00-A9D0-DCDD59F6FC69} = {54BD7399-9006-49B0-894A-52649B85768E}
		{54BD7399-9006-49B0-894A-52649B85768E} = {A776E9E0-8523-4C18-A09B-67A9F4B4AC37}
		{E44E021C-7EEF-4247-956C-58A5602792E7} = {54BD7399-9006-49B0-894A-52649B85768E}
		{6C3D57D8-55D0-4AB8-B75F-B71CA12CDAF5} = {54BD7399-9006-49B0-894A-52649B85768E}
		{DBA12A7E-9E2E-45E5-8A64-813B383AC481} = {54BD7399-9006-49B0-894A-52649B85768E}
	EndGlobalSection
EndGlobal
